{
  "name": "football-deep-q-learning",
  "version": "1.0.0",
  "lockfileVersion": 3,
  "requires": true,
  "packages": {
    "": {
      "name": "football-deep-q-learning",
      "version": "1.0.0",
      "license": "MIT",
      "dependencies": {
        "highcharts": "^4.1.5"
      }
    },
    "node_modules/highcharts": {
      "version": "4.2.7",
      "resolved": "https://registry.npmjs.org/highcharts/-/highcharts-4.2.7.tgz",
      "integrity": "sha512-uZiKTHQxukKpSyzIQwzmusxyyp2TB7bRLQMgaZrNJILWsESDSRb3Xc5py2myJsBYIxSYdWwRth0oV8BSe9uPvA==",
      "license": "https://www.highcharts.com/license"
    }
  }
}
